// !$*UTF8*$!
{
	archiveVersion = 1;
	classes = {
	};
	objectVersion = 46;
	objects = {

/* Begin PBXBuildFile section */
		3F5DB4FB1E81569200F25175 /* AppDelegate.swift in Sources */ = {isa = PBXBuildFile; fileRef = 3F5DB4FA1E81569200F25175 /* AppDelegate.swift */; };
		3F5DB5021E81569200F25175 /* Assets.xcassets in Resources */ = {isa = PBXBuildFile; fileRef = 3F5DB5011E81569200F25175 /* Assets.xcassets */; };
		3F5DB5051E81569200F25175 /* LaunchScreen.storyboard in Resources */ = {isa = PBXBuildFile; fileRef = 3F5DB5031E81569200F25175 /* LaunchScreen.storyboard */; };
		3F5DB50E1E81593F00F25175 /* ListsTableViewController.swift in Sources */ = {isa = PBXBuildFile; fileRef = 3F5DB50D1E81593F00F25175 /* ListsTableViewController.swift */; };
		3F5DB5101E8159B700F25175 /* List.swift in Sources */ = {isa = PBXBuildFile; fileRef = 3F5DB50F1E8159B700F25175 /* List.swift */; };
		3F5DB5121E8159F900F25175 /* Item.swift in Sources */ = {isa = PBXBuildFile; fileRef = 3F5DB5111E8159F900F25175 /* Item.swift */; };
		3F5DB5141E815A1100F25175 /* User.swift in Sources */ = {isa = PBXBuildFile; fileRef = 3F5DB5131E815A1100F25175 /* User.swift */; };
		3F5DB5161E81655400F25175 /* ItemTableViewCell.swift in Sources */ = {isa = PBXBuildFile; fileRef = 3F5DB5151E81655400F25175 /* ItemTableViewCell.swift */; };
		3F5DB5181E81669500F25175 /* ListTableViewCell.swift in Sources */ = {isa = PBXBuildFile; fileRef = 3F5DB5171E81669500F25175 /* ListTableViewCell.swift */; };
		3F5DB51A1E816BED00F25175 /* ItemTableViewController.swift in Sources */ = {isa = PBXBuildFile; fileRef = 3F5DB5191E816BED00F25175 /* ItemTableViewController.swift */; };
		3FE9B1981E8A920A00BAF457 /* LoginViewController.swift in Sources */ = {isa = PBXBuildFile; fileRef = 3FE9B1971E8A920A00BAF457 /* LoginViewController.swift */; };
		3FE9B19B1E8A947C00BAF457 /* Main.storyboard in Resources */ = {isa = PBXBuildFile; fileRef = 3FE9B1991E8A947C00BAF457 /* Main.storyboard */; };
		3FE9B19D1E8A9EEF00BAF457 /* AccountViewController.swift in Sources */ = {isa = PBXBuildFile; fileRef = 3FE9B19C1E8A9EEF00BAF457 /* AccountViewController.swift */; };
		3FFC4FF51E82B87600A17987 /* GoogleService-Info.plist in Resources */ = {isa = PBXBuildFile; fileRef = 3FFC4FF41E82B87600A17987 /* GoogleService-Info.plist */; };
		3FFC4FF71E82BA3200A17987 /* FirebaseController.swift in Sources */ = {isa = PBXBuildFile; fileRef = 3FFC4FF61E82BA3200A17987 /* FirebaseController.swift */; };
		3FFC4FFB1E8A803B00A17987 /* CheckBox.swift in Sources */ = {isa = PBXBuildFile; fileRef = 3FFC4FFA1E8A803B00A17987 /* CheckBox.swift */; };
		D20CAD2B8C9F460A7A397DEA /* Pods_Shake_list.framework in Frameworks */ = {isa = PBXBuildFile; fileRef = 4146F09A1E7ACD503C347FF6 /* Pods_Shake_list.framework */; };
/* End PBXBuildFile section */

/* Begin PBXFileReference section */
		3F5DB4F71E81569200F25175 /* Shake list.app */ = {isa = PBXFileReference; explicitFileType = wrapper.application; includeInIndex = 0; path = "Shake list.app"; sourceTree = BUILT_PRODUCTS_DIR; };
		3F5DB4FA1E81569200F25175 /* AppDelegate.swift */ = {isa = PBXFileReference; lastKnownFileType = sourcecode.swift; path = AppDelegate.swift; sourceTree = "<group>"; };
		3F5DB5011E81569200F25175 /* Assets.xcassets */ = {isa = PBXFileReference; lastKnownFileType = folder.assetcatalog; path = Assets.xcassets; sourceTree = "<group>"; };
		3F5DB5041E81569200F25175 /* Base */ = {isa = PBXFileReference; lastKnownFileType = file.storyboard; name = Base; path = Base.lproj/LaunchScreen.storyboard; sourceTree = "<group>"; };
		3F5DB5061E81569200F25175 /* Info.plist */ = {isa = PBXFileReference; lastKnownFileType = text.plist.xml; path = Info.plist; sourceTree = "<group>"; };
		3F5DB50D1E81593F00F25175 /* ListsTableViewController.swift */ = {isa = PBXFileReference; fileEncoding = 4; lastKnownFileType = sourcecode.swift; path = ListsTableViewController.swift; sourceTree = "<group>"; };
		3F5DB50F1E8159B700F25175 /* List.swift */ = {isa = PBXFileReference; fileEncoding = 4; lastKnownFileType = sourcecode.swift; path = List.swift; sourceTree = "<group>"; };
		3F5DB5111E8159F900F25175 /* Item.swift */ = {isa = PBXFileReference; fileEncoding = 4; lastKnownFileType = sourcecode.swift; path = Item.swift; sourceTree = "<group>"; };
		3F5DB5131E815A1100F25175 /* User.swift */ = {isa = PBXFileReference; fileEncoding = 4; lastKnownFileType = sourcecode.swift; path = User.swift; sourceTree = "<group>"; };
		3F5DB5151E81655400F25175 /* ItemTableViewCell.swift */ = {isa = PBXFileReference; fileEncoding = 4; lastKnownFileType = sourcecode.swift; path = ItemTableViewCell.swift; sourceTree = "<group>"; };
		3F5DB5171E81669500F25175 /* ListTableViewCell.swift */ = {isa = PBXFileReference; fileEncoding = 4; lastKnownFileType = sourcecode.swift; path = ListTableViewCell.swift; sourceTree = "<group>"; };
		3F5DB5191E816BED00F25175 /* ItemTableViewController.swift */ = {isa = PBXFileReference; fileEncoding = 4; lastKnownFileType = sourcecode.swift; path = ItemTableViewController.swift; sourceTree = "<group>"; };
		3FE9B1971E8A920A00BAF457 /* LoginViewController.swift */ = {isa = PBXFileReference; fileEncoding = 4; lastKnownFileType = sourcecode.swift; path = LoginViewController.swift; sourceTree = "<group>"; };
		3FE9B19A1E8A947C00BAF457 /* Base */ = {isa = PBXFileReference; lastKnownFileType = file.storyboard; name = Base; path = Base.lproj/Main.storyboard; sourceTree = "<group>"; };
		3FE9B19C1E8A9EEF00BAF457 /* AccountViewController.swift */ = {isa = PBXFileReference; fileEncoding = 4; lastKnownFileType = sourcecode.swift; path = AccountViewController.swift; sourceTree = "<group>"; };
		3FFC4FF41E82B87600A17987 /* GoogleService-Info.plist */ = {isa = PBXFileReference; fileEncoding = 4; lastKnownFileType = text.plist.xml; name = "GoogleService-Info.plist"; path = "../../../../Downloads/GoogleService-Info.plist"; sourceTree = "<group>"; };
		3FFC4FF61E82BA3200A17987 /* FirebaseController.swift */ = {isa = PBXFileReference; fileEncoding = 4; lastKnownFileType = sourcecode.swift; path = FirebaseController.swift; sourceTree = "<group>"; };
		3FFC4FFA1E8A803B00A17987 /* CheckBox.swift */ = {isa = PBXFileReference; fileEncoding = 4; lastKnownFileType = sourcecode.swift; path = CheckBox.swift; sourceTree = "<group>"; };
		4146F09A1E7ACD503C347FF6 /* Pods_Shake_list.framework */ = {isa = PBXFileReference; explicitFileType = wrapper.framework; includeInIndex = 0; path = Pods_Shake_list.framework; sourceTree = BUILT_PRODUCTS_DIR; };
		D60006E2D462C34FC1F9F4F6 /* Pods-Shake list.release.xcconfig */ = {isa = PBXFileReference; includeInIndex = 1; lastKnownFileType = text.xcconfig; name = "Pods-Shake list.release.xcconfig"; path = "Pods/Target Support Files/Pods-Shake list/Pods-Shake list.release.xcconfig"; sourceTree = "<group>"; };
		F36B42C20D9C50862C4D0DD4 /* Pods-Shake list.debug.xcconfig */ = {isa = PBXFileReference; includeInIndex = 1; lastKnownFileType = text.xcconfig; name = "Pods-Shake list.debug.xcconfig"; path = "Pods/Target Support Files/Pods-Shake list/Pods-Shake list.debug.xcconfig"; sourceTree = "<group>"; };
/* End PBXFileReference section */

/* Begin PBXFrameworksBuildPhase section */
		3F5DB4F41E81569200F25175 /* Frameworks */ = {
			isa = PBXFrameworksBuildPhase;
			buildActionMask = 2147483647;
			files = (
				D20CAD2B8C9F460A7A397DEA /* Pods_Shake_list.framework in Frameworks */,
			);
			runOnlyForDeploymentPostprocessing = 0;
		};
/* End PBXFrameworksBuildPhase section */

/* Begin PBXGroup section */
		3B7558452EA55BF1F6EB5CC7 /* Pods */ = {
			isa = PBXGroup;
			children = (
				F36B42C20D9C50862C4D0DD4 /* Pods-Shake list.debug.xcconfig */,
				D60006E2D462C34FC1F9F4F6 /* Pods-Shake list.release.xcconfig */,
			);
			name = Pods;
			sourceTree = "<group>";
		};
		3F5DB4EE1E81569200F25175 = {
			isa = PBXGroup;
			children = (
				3F5DB4F91E81569200F25175 /* Shake list */,
				3F5DB4F81E81569200F25175 /* Products */,
				3B7558452EA55BF1F6EB5CC7 /* Pods */,
				EC9DC8937BC2BE8ABB67F556 /* Frameworks */,
			);
			sourceTree = "<group>";
		};
		3F5DB4F81E81569200F25175 /* Products */ = {
			isa = PBXGroup;
			children = (
				3F5DB4F71E81569200F25175 /* Shake list.app */,
			);
			name = Products;
			sourceTree = "<group>";
		};
		3F5DB4F91E81569200F25175 /* Shake list */ = {
			isa = PBXGroup;
			children = (
				3F5DB50C1E8156A000F25175 /* Supporting files */,
				3FFC4FFF1E8A8AC500A17987 /* view */,
				3FFC50011E8A8B0300A17987 /* controller */,
				3FFC4FFE1E8A8AAC00A17987 /* model */,
				3F5DB5011E81569200F25175 /* Assets.xcassets */,
			);
			path = "Shake list";
			sourceTree = "<group>";
		};
		3F5DB50C1E8156A000F25175 /* Supporting files */ = {
			isa = PBXGroup;
			children = (
				3FFC4FF41E82B87600A17987 /* GoogleService-Info.plist */,
				3F5DB4FA1E81569200F25175 /* AppDelegate.swift */,
				3F5DB5031E81569200F25175 /* LaunchScreen.storyboard */,
				3F5DB5061E81569200F25175 /* Info.plist */,
			);
			name = "Supporting files";
			sourceTree = "<group>";
		};
		3FE9B19E1E8AA53C00BAF457 /* ViewControllers */ = {
			isa = PBXGroup;
			children = (
				3FE9B1971E8A920A00BAF457 /* LoginViewController.swift */,
				3FE9B19C1E8A9EEF00BAF457 /* AccountViewController.swift */,
			);
			name = ViewControllers;
			sourceTree = "<group>";
		};
		3FFC4FFC1E8A8A8100A17987 /* TableViewControllers */ = {
			isa = PBXGroup;
			children = (
				3F5DB5191E816BED00F25175 /* ItemTableViewController.swift */,
				3F5DB50D1E81593F00F25175 /* ListsTableViewController.swift */,
			);
			name = TableViewControllers;
			sourceTree = "<group>";
		};
		3FFC4FFD1E8A8A9A00A17987 /* TableViewCells */ = {
			isa = PBXGroup;
			children = (
				3F5DB5151E81655400F25175 /* ItemTableViewCell.swift */,
				3F5DB5171E81669500F25175 /* ListTableViewCell.swift */,
			);
			name = TableViewCells;
			sourceTree = "<group>";
		};
		3FFC4FFE1E8A8AAC00A17987 /* model */ = {
			isa = PBXGroup;
			children = (
				3F5DB50F1E8159B700F25175 /* List.swift */,
				3F5DB5111E8159F900F25175 /* Item.swift */,
				3F5DB5131E815A1100F25175 /* User.swift */,
			);
			name = model;
			sourceTree = "<group>";
		};
		3FFC4FFF1E8A8AC500A17987 /* view */ = {
			isa = PBXGroup;
			children = (
				3FE9B1991E8A947C00BAF457 /* Main.storyboard */,
				3FE9B19E1E8AA53C00BAF457 /* ViewControllers */,
				3FFC4FFD1E8A8A9A00A17987 /* TableViewCells */,
				3FFC4FFC1E8A8A8100A17987 /* TableViewControllers */,
				3FFC50001E8A8AEF00A17987 /* Buttons */,
			);
			name = view;
			sourceTree = "<group>";
		};
		3FFC50001E8A8AEF00A17987 /* Buttons */ = {
			isa = PBXGroup;
			children = (
				3FFC4FFA1E8A803B00A17987 /* CheckBox.swift */,
			);
			name = Buttons;
			sourceTree = "<group>";
		};
		3FFC50011E8A8B0300A17987 /* controller */ = {
			isa = PBXGroup;
			children = (
				3FFC4FF61E82BA3200A17987 /* FirebaseController.swift */,
			);
			name = controller;
			sourceTree = "<group>";
		};
		EC9DC8937BC2BE8ABB67F556 /* Frameworks */ = {
			isa = PBXGroup;
			children = (
				4146F09A1E7ACD503C347FF6 /* Pods_Shake_list.framework */,
			);
			name = Frameworks;
			sourceTree = "<group>";
		};
/* End PBXGroup section */

/* Begin PBXNativeTarget section */
		3F5DB4F61E81569200F25175 /* Shake list */ = {
			isa = PBXNativeTarget;
			buildConfigurationList = 3F5DB5091E81569200F25175 /* Build configuration list for PBXNativeTarget "Shake list" */;
			buildPhases = (
				4C0819D5054E786957438634 /* [CP] Check Pods Manifest.lock */,
				3F5DB4F31E81569200F25175 /* Sources */,
				3F5DB4F41E81569200F25175 /* Frameworks */,
				3F5DB4F51E81569200F25175 /* Resources */,
				B99425722A968D82E40986E3 /* [CP] Embed Pods Frameworks */,
				2777A4913CA500ABA60AE0C4 /* [CP] Copy Pods Resources */,
			);
			buildRules = (
			);
			dependencies = (
			);
			name = "Shake list";
			productName = "Shake list";
			productReference = 3F5DB4F71E81569200F25175 /* Shake list.app */;
			productType = "com.apple.product-type.application";
		};
/* End PBXNativeTarget section */

/* Begin PBXProject section */
		3F5DB4EF1E81569200F25175 /* Project object */ = {
			isa = PBXProject;
			attributes = {
				LastSwiftUpdateCheck = 0820;
				LastUpgradeCheck = 0820;
				ORGANIZATIONNAME = Student;
				TargetAttributes = {
					3F5DB4F61E81569200F25175 = {
						CreatedOnToolsVersion = 8.2.1;
						DevelopmentTeam = SHV4T6BMAV;
						ProvisioningStyle = Automatic;
					};
				};
			};
			buildConfigurationList = 3F5DB4F21E81569200F25175 /* Build configuration list for PBXProject "Shake list" */;
			compatibilityVersion = "Xcode 3.2";
			developmentRegion = English;
			hasScannedForEncodings = 0;
			knownRegions = (
				en,
				Base,
			);
			mainGroup = 3F5DB4EE1E81569200F25175;
			productRefGroup = 3F5DB4F81E81569200F25175 /* Products */;
			projectDirPath = "";
			projectRoot = "";
			targets = (
				3F5DB4F61E81569200F25175 /* Shake list */,
			);
		};
/* End PBXProject section */

/* Begin PBXResourcesBuildPhase section */
		3F5DB4F51E81569200F25175 /* Resources */ = {
			isa = PBXResourcesBuildPhase;
			buildActionMask = 2147483647;
			files = (
				3F5DB5051E81569200F25175 /* LaunchScreen.storyboard in Resources */,
				3FFC4FF51E82B87600A17987 /* GoogleService-Info.plist in Resources */,
				3F5DB5021E81569200F25175 /* Assets.xcassets in Resources */,
				3FE9B19B1E8A947C00BAF457 /* Main.storyboard in Resources */,
			);
			runOnlyForDeploymentPostprocessing = 0;
		};
/* End PBXResourcesBuildPhase section */

/* Begin PBXShellScriptBuildPhase section */
		2777A4913CA500ABA60AE0C4 /* [CP] Copy Pods Resources */ = {
			isa = PBXShellScriptBuildPhase;
			buildActionMask = 2147483647;
			files = (
			);
			inputPaths = (
			);
			name = "[CP] Copy Pods Resources";
			outputPaths = (
			);
			runOnlyForDeploymentPostprocessing = 0;
			shellPath = /bin/sh;
			shellScript = "\"${SRCROOT}/Pods/Target Support Files/Pods-Shake list/Pods-Shake list-resources.sh\"\n";
			showEnvVarsInLog = 0;
		};
		4C0819D5054E786957438634 /* [CP] Check Pods Manifest.lock */ = {
			isa = PBXShellScriptBuildPhase;
			buildActionMask = 2147483647;
			files = (
			);
			inputPaths = (
			);
			name = "[CP] Check Pods Manifest.lock";
			outputPaths = (
			);
			runOnlyForDeploymentPostprocessing = 0;
			shellPath = /bin/sh;
			shellScript = "diff \"${PODS_ROOT}/../Podfile.lock\" \"${PODS_ROOT}/Manifest.lock\" > /dev/null\nif [ $? != 0 ] ; then\n    # print error to STDERR\n    echo \"error: The sandbox is not in sync with the Podfile.lock. Run 'pod install' or update your CocoaPods installation.\" >&2\n    exit 1\nfi\n";
			showEnvVarsInLog = 0;
		};
		B99425722A968D82E40986E3 /* [CP] Embed Pods Frameworks */ = {
			isa = PBXShellScriptBuildPhase;
			buildActionMask = 2147483647;
			files = (
			);
			inputPaths = (
			);
			name = "[CP] Embed Pods Frameworks";
			outputPaths = (
			);
			runOnlyForDeploymentPostprocessing = 0;
			shellPath = /bin/sh;
			shellScript = "\"${SRCROOT}/Pods/Target Support Files/Pods-Shake list/Pods-Shake list-frameworks.sh\"\n";
			showEnvVarsInLog = 0;
		};
/* End PBXShellScriptBuildPhase section */

/* Begin PBXSourcesBuildPhase section */
		3F5DB4F31E81569200F25175 /* Sources */ = {
			isa = PBXSourcesBuildPhase;
			buildActionMask = 2147483647;
			files = (
				3FFC4FF71E82BA3200A17987 /* FirebaseController.swift in Sources */,
				3F5DB5181E81669500F25175 /* ListTableViewCell.swift in Sources */,
				3FE9B19D1E8A9EEF00BAF457 /* AccountViewController.swift in Sources */,
				3F5DB5121E8159F900F25175 /* Item.swift in Sources */,
				3F5DB4FB1E81569200F25175 /* AppDelegate.swift in Sources */,
				3FFC4FFB1E8A803B00A17987 /* CheckBox.swift in Sources */,
				3F5DB50E1E81593F00F25175 /* ListsTableViewController.swift in Sources */,
				3F5DB5141E815A1100F25175 /* User.swift in Sources */,
				3F5DB5161E81655400F25175 /* ItemTableViewCell.swift in Sources */,
				3F5DB51A1E816BED00F25175 /* ItemTableViewController.swift in Sources */,
				3F5DB5101E8159B700F25175 /* List.swift in Sources */,
				3FE9B1981E8A920A00BAF457 /* LoginViewController.swift in Sources */,
			);
			runOnlyForDeploymentPostprocessing = 0;
		};
/* End PBXSourcesBuildPhase section */

/* Begin PBXVariantGroup section */
		3F5DB5031E81569200F25175 /* LaunchScreen.storyboard */ = {
			isa = PBXVariantGroup;
			children = (
				3F5DB5041E81569200F25175 /* Base */,
			);
			name = LaunchScreen.storyboard;
			sourceTree = "<group>";
		};
		3FE9B1991E8A947C00BAF457 /* Main.storyboard */ = {
			isa = PBXVariantGroup;
			children = (
				3FE9B19A1E8A947C00BAF457 /* Base */,
			);
			name = Main.storyboard;
			sourceTree = "<group>";
		};
/* End PBXVariantGroup section */

/* Begin XCBuildConfiguration section */
		3F5DB5071E81569200F25175 /* Debug */ = {
			isa = XCBuildConfiguration;
			buildSettings = {
				ALWAYS_SEARCH_USER_PATHS = NO;
				CLANG_ANALYZER_NONNULL = YES;
				CLANG_CXX_LANGUAGE_STANDARD = "gnu++0x";
				CLANG_CXX_LIBRARY = "libc++";
				CLANG_ENABLE_MODULES = YES;
				CLANG_ENABLE_OBJC_ARC = YES;
				CLANG_WARN_BOOL_CONVERSION = YES;
				CLANG_WARN_CONSTANT_CONVERSION = YES;
				CLANG_WARN_DIRECT_OBJC_ISA_USAGE = YES_ERROR;
				CLANG_WARN_DOCUMENTATION_COMMENTS = YES;
				CLANG_WARN_EMPTY_BODY = YES;
				CLANG_WARN_ENUM_CONVERSION = YES;
				CLANG_WARN_INFINITE_RECURSION = YES;
				CLANG_WARN_INT_CONVERSION = YES;
				CLANG_WARN_OBJC_ROOT_CLASS = YES_ERROR;
				CLANG_WARN_SUSPICIOUS_MOVE = YES;
				CLANG_WARN_UNREACHABLE_CODE = YES;
				CLANG_WARN__DUPLICATE_METHOD_MATCH = YES;
				"CODE_SIGN_IDENTITY[sdk=iphoneos*]" = "iPhone Developer";
				COPY_PHASE_STRIP = NO;
				DEBUG_INFORMATION_FORMAT = dwarf;
				ENABLE_STRICT_OBJC_MSGSEND = YES;
				ENABLE_TESTABILITY = YES;
				GCC_C_LANGUAGE_STANDARD = gnu99;
				GCC_DYNAMIC_NO_PIC = NO;
				GCC_NO_COMMON_BLOCKS = YES;
				GCC_OPTIMIZATION_LEVEL = 0;
				GCC_PREPROCESSOR_DEFINITIONS = (
					"DEBUG=1",
					"$(inherited)",
				);
				GCC_WARN_64_TO_32_BIT_CONVERSION = YES;
				GCC_WARN_ABOUT_RETURN_TYPE = YES_ERROR;
				GCC_WARN_UNDECLARED_SELECTOR = YES;
				GCC_WARN_UNINITIALIZED_AUTOS = YES_AGGRESSIVE;
				GCC_WARN_UNUSED_FUNCTION = YES;
				GCC_WARN_UNUSED_VARIABLE = YES;
				IPHONEOS_DEPLOYMENT_TARGET = 10.2;
				MTL_ENABLE_DEBUG_INFO = YES;
				ONLY_ACTIVE_ARCH = YES;
				SDKROOT = iphoneos;
				SWIFT_ACTIVE_COMPILATION_CONDITIONS = DEBUG;
				SWIFT_OPTIMIZATION_LEVEL = "-Onone";
			};
			name = Debug;
		};
		3F5DB5081E81569200F25175 /* Release */ = {
			isa = XCBuildConfiguration;
			buildSettings = {
				ALWAYS_SEARCH_USER_PATHS = NO;
				CLANG_ANALYZER_NONNULL = YES;
				CLANG_CXX_LANGUAGE_STANDARD = "gnu++0x";
				CLANG_CXX_LIBRARY = "libc++";
				CLANG_ENABLE_MODULES = YES;
				CLANG_ENABLE_OBJC_ARC = YES;
				CLANG_WARN_BOOL_CONVERSION = YES;
				CLANG_WARN_CONSTANT_CONVERSION = YES;
				CLANG_WARN_DIRECT_OBJC_ISA_USAGE = YES_ERROR;
				CLANG_WARN_DOCUMENTATION_COMMENTS = YES;
				CLANG_WARN_EMPTY_BODY = YES;
				CLANG_WARN_ENUM_CONVERSION = YES;
				CLANG_WARN_INFINITE_RECURSION = YES;
				CLANG_WARN_INT_CONVERSION = YES;
				CLANG_WARN_OBJC_ROOT_CLASS = YES_ERROR;
				CLANG_WARN_SUSPICIOUS_MOVE = YES;
				CLANG_WARN_UNREACHABLE_CODE = YES;
				CLANG_WARN__DUPLICATE_METHOD_MATCH = YES;
				"CODE_SIGN_IDENTITY[sdk=iphoneos*]" = "iPhone Developer";
				COPY_PHASE_STRIP = NO;
				DEBUG_INFORMATION_FORMAT = "dwarf-with-dsym";
				ENABLE_NS_ASSERTIONS = NO;
				ENABLE_STRICT_OBJC_MSGSEND = YES;
				GCC_C_LANGUAGE_STANDARD = gnu99;
				GCC_NO_COMMON_BLOCKS = YES;
				GCC_WARN_64_TO_32_BIT_CONVERSION = YES;
				GCC_WARN_ABOUT_RETURN_TYPE = YES_ERROR;
				GCC_WARN_UNDECLARED_SELECTOR = YES;
				GCC_WARN_UNINITIALIZED_AUTOS = YES_AGGRESSIVE;
				GCC_WARN_UNUSED_FUNCTION = YES;
				GCC_WARN_UNUSED_VARIABLE = YES;
				IPHONEOS_DEPLOYMENT_TARGET = 10.2;
				MTL_ENABLE_DEBUG_INFO = NO;
				SDKROOT = iphoneos;
				SWIFT_OPTIMIZATION_LEVEL = "-Owholemodule";
				VALIDATE_PRODUCT = YES;
			};
			name = Release;
		};
		3F5DB50A1E81569200F25175 /* Debug */ = {
			isa = XCBuildConfiguration;
			baseConfigurationReference = F36B42C20D9C50862C4D0DD4 /* Pods-Shake list.debug.xcconfig */;
			buildSettings = {
				ASSETCATALOG_COMPILER_APPICON_NAME = AppIcon;
				"CODE_SIGN_IDENTITY[sdk=iphoneos*]" = "iPhone Developer";
				DEVELOPMENT_TEAM = SHV4T6BMAV;
				INFOPLIST_FILE = "Shake list/Info.plist";
				LD_RUNPATH_SEARCH_PATHS = "$(inherited) @executable_path/Frameworks";
				PRODUCT_BUNDLE_IDENTIFIER = br.com.wallison.fernando.silva.shakelists;
				PRODUCT_NAME = "$(TARGET_NAME)";
				SWIFT_VERSION = 3.0;
			};
			name = Debug;
		};
		3F5DB50B1E81569200F25175 /* Release */ = {
			isa = XCBuildConfiguration;
			baseConfigurationReference = D60006E2D462C34FC1F9F4F6 /* Pods-Shake list.release.xcconfig */;
			buildSettings = {
				ASSETCATALOG_COMPILER_APPICON_NAME = AppIcon;
				"CODE_SIGN_IDENTITY[sdk=iphoneos*]" = "iPhone Developer";
				DEVELOPMENT_TEAM = SHV4T6BMAV;
				INFOPLIST_FILE = "Shake list/Info.plist";
				LD_RUNPATH_SEARCH_PATHS = "$(inherited) @executable_path/Frameworks";
				PRODUCT_BUNDLE_IDENTIFIER = br.com.wallison.fernando.silva.shakelists;
				PRODUCT_NAME = "$(TARGET_NAME)";
				SWIFT_VERSION = 3.0;
			};
			name = Release;
		};
/* End XCBuildConfiguration section */

/* Begin XCConfigurationList section */
		3F5DB4F21E81569200F25175 /* Build configuration list for PBXProject "Shake list" */ = {
			isa = XCConfigurationList;
			buildConfigurations = (
				3F5DB5071E81569200F25175 /* Debug */,
				3F5DB5081E81569200F25175 /* Release */,
			);
			defaultConfigurationIsVisible = 0;
			defaultConfigurationName = Release;
		};
		3F5DB5091E81569200F25175 /* Build configuration list for PBXNativeTarget "Shake list" */ = {
			isa = XCConfigurationList;
			buildConfigurations = (
				3F5DB50A1E81569200F25175 /* Debug */,
				3F5DB50B1E81569200F25175 /* Release */,
			);
			defaultConfigurationIsVisible = 0;
			defaultConfigurationName = Release;
		};
/* End XCConfigurationList section */
	};
	rootObject = 3F5DB4EF1E81569200F25175 /* Project object */;
}
